// !$*UTF8*$!
{
	archiveVersion = 1;
	classes = {
	};
	objectVersion = 56;
	objects = {

/* Begin PBXBuildFile section */
		4F6D8F052AE6E23000330D4E /* EmojiController.swift in Sources */ = {isa = PBXBuildFile; fileRef = 4F6D8F042AE6E23000330D4E /* EmojiController.swift */; };
		4F9AAECF2AD9877100A8020B /* AppDelegate.swift in Sources */ = {isa = PBXBuildFile; fileRef = 4F9AAECE2AD9877100A8020B /* AppDelegate.swift */; };
		4F9AAED12AD9877100A8020B /* SceneDelegate.swift in Sources */ = {isa = PBXBuildFile; fileRef = 4F9AAED02AD9877100A8020B /* SceneDelegate.swift */; };
		4F9AAED62AD9877100A8020B /* Main.storyboard in Resources */ = {isa = PBXBuildFile; fileRef = 4F9AAED42AD9877100A8020B /* Main.storyboard */; };
		4F9AAED82AD9877300A8020B /* Assets.xcassets in Resources */ = {isa = PBXBuildFile; fileRef = 4F9AAED72AD9877300A8020B /* Assets.xcassets */; };
		4F9AAEDB2AD9877300A8020B /* LaunchScreen.storyboard in Resources */ = {isa = PBXBuildFile; fileRef = 4F9AAED92AD9877300A8020B /* LaunchScreen.storyboard */; };
		4F9AAEE32AD987B300A8020B /* EmojiTableViewController.swift in Sources */ = {isa = PBXBuildFile; fileRef = 4F9AAEE22AD987B300A8020B /* EmojiTableViewController.swift */; };
		4F9AAEE52AD987F400A8020B /* Emoji.swift in Sources */ = {isa = PBXBuildFile; fileRef = 4F9AAEE42AD987F400A8020B /* Emoji.swift */; };
		4F9AAEE92AD991CD00A8020B /* EmojiTableViewCell.swift in Sources */ = {isa = PBXBuildFile; fileRef = 4F9AAEE82AD991CD00A8020B /* EmojiTableViewCell.swift */; };
		4FF902412ADED3A80068FE46 /* AddEditTableViewController.swift in Sources */ = {isa = PBXBuildFile; fileRef = 4FF902402ADED3A80068FE46 /* AddEditTableViewController.swift */; };
/* End PBXBuildFile section */

/* Begin PBXFileReference section */
		4F6D8F042AE6E23000330D4E /* EmojiController.swift */ = {isa = PBXFileReference; lastKnownFileType = sourcecode.swift; path = EmojiController.swift; sourceTree = "<group>"; };
		4F9AAECB2AD9877100A8020B /* EmojiDictionary.app */ = {isa = PBXFileReference; explicitFileType = wrapper.application; includeInIndex = 0; path = EmojiDictionary.app; sourceTree = BUILT_PRODUCTS_DIR; };
		4F9AAECE2AD9877100A8020B /* AppDelegate.swift */ = {isa = PBXFileReference; lastKnownFileType = sourcecode.swift; path = AppDelegate.swift; sourceTree = "<group>"; };
		4F9AAED02AD9877100A8020B /* SceneDelegate.swift */ = {isa = PBXFileReference; lastKnownFileType = sourcecode.swift; path = SceneDelegate.swift; sourceTree = "<group>"; };
		4F9AAED52AD9877100A8020B /* Base */ = {isa = PBXFileReference; lastKnownFileType = file.storyboard; name = Base; path = Base.lproj/Main.storyboard; sourceTree = "<group>"; };
		4F9AAED72AD9877300A8020B /* Assets.xcassets */ = {isa = PBXFileReference; lastKnownFileType = folder.assetcatalog; path = Assets.xcassets; sourceTree = "<group>"; };
		4F9AAEDA2AD9877300A8020B /* Base */ = {isa = PBXFileReference; lastKnownFileType = file.storyboard; name = Base; path = Base.lproj/LaunchScreen.storyboard; sourceTree = "<group>"; };
		4F9AAEDC2AD9877300A8020B /* Info.plist */ = {isa = PBXFileReference; lastKnownFileType = text.plist.xml; path = Info.plist; sourceTree = "<group>"; };
		4F9AAEE22AD987B300A8020B /* EmojiTableViewController.swift */ = {isa = PBXFileReference; lastKnownFileType = sourcecode.swift; path = EmojiTableViewController.swift; sourceTree = "<group>"; };
		4F9AAEE42AD987F400A8020B /* Emoji.swift */ = {isa = PBXFileReference; lastKnownFileType = sourcecode.swift; path = Emoji.swift; sourceTree = "<group>"; };
		4F9AAEE82AD991CD00A8020B /* EmojiTableViewCell.swift */ = {isa = PBXFileReference; lastKnownFileType = sourcecode.swift; path = EmojiTableViewCell.swift; sourceTree = "<group>"; };
		4FF902402ADED3A80068FE46 /* AddEditTableViewController.swift */ = {isa = PBXFileReference; lastKnownFileType = sourcecode.swift; path = AddEditTableViewController.swift; sourceTree = "<group>"; };
/* End PBXFileReference section */

/* Begin PBXFrameworksBuildPhase section */
		4F9AAEC82AD9877100A8020B /* Frameworks */ = {
			isa = PBXFrameworksBuildPhase;
			buildActionMask = 2147483647;
			files = (
			);
			runOnlyForDeploymentPostprocessing = 0;
		};
/* End PBXFrameworksBuildPhase section */

/* Begin PBXGroup section */
		4F9AAEC22AD9877100A8020B = {
			isa = PBXGroup;
			children = (
				4F9AAECD2AD9877100A8020B /* EmojiDictionary */,
				4F9AAECC2AD9877100A8020B /* Products */,
			);
			sourceTree = "<group>";
		};
		4F9AAECC2AD9877100A8020B /* Products */ = {
			isa = PBXGroup;
			children = (
				4F9AAECB2AD9877100A8020B /* EmojiDictionary.app */,
			);
			name = Products;
			sourceTree = "<group>";
		};
		4F9AAECD2AD9877100A8020B /* EmojiDictionary */ = {
			isa = PBXGroup;
			children = (
				4F9AAECE2AD9877100A8020B /* AppDelegate.swift */,
				4F9AAED02AD9877100A8020B /* SceneDelegate.swift */,
				4F9AAEE22AD987B300A8020B /* EmojiTableViewController.swift */,
				4F9AAEE82AD991CD00A8020B /* EmojiTableViewCell.swift */,
				4FF902402ADED3A80068FE46 /* AddEditTableViewController.swift */,
				4F9AAEE42AD987F400A8020B /* Emoji.swift */,
				4F6D8F042AE6E23000330D4E /* EmojiController.swift */,
				4F9AAED42AD9877100A8020B /* Main.storyboard */,
				4F9AAED72AD9877300A8020B /* Assets.xcassets */,
				4F9AAED92AD9877300A8020B /* LaunchScreen.storyboard */,
				4F9AAEDC2AD9877300A8020B /* Info.plist */,
			);
			path = EmojiDictionary;
			sourceTree = "<group>";
		};
/* End PBXGroup section */

/* Begin PBXNativeTarget section */
		4F9AAECA2AD9877100A8020B /* EmojiDictionary */ = {
			isa = PBXNativeTarget;
			buildConfigurationList = 4F9AAEDF2AD9877300A8020B /* Build configuration list for PBXNativeTarget "EmojiDictionary" */;
			buildPhases = (
				4F9AAEC72AD9877100A8020B /* Sources */,
				4F9AAEC82AD9877100A8020B /* Frameworks */,
				4F9AAEC92AD9877100A8020B /* Resources */,
			);
			buildRules = (
			);
			dependencies = (
			);
			name = EmojiDictionary;
			productName = EmojiDictionary;
			productReference = 4F9AAECB2AD9877100A8020B /* EmojiDictionary.app */;
			productType = "com.apple.product-type.application";
		};
/* End PBXNativeTarget section */

/* Begin PBXProject section */
		4F9AAEC32AD9877100A8020B /* Project object */ = {
			isa = PBXProject;
			attributes = {
				BuildIndependentTargetsInParallel = 1;
				LastSwiftUpdateCheck = 1500;
				LastUpgradeCheck = 1500;
				TargetAttributes = {
					4F9AAECA2AD9877100A8020B = {
						CreatedOnToolsVersion = 15.0;
					};
				};
			};
			buildConfigurationList = 4F9AAEC62AD9877100A8020B /* Build configuration list for PBXProject "EmojiDictionary" */;
			compatibilityVersion = "Xcode 14.0";
			developmentRegion = en;
			hasScannedForEncodings = 0;
			knownRegions = (
				en,
				Base,
			);
			mainGroup = 4F9AAEC22AD9877100A8020B;
			productRefGroup = 4F9AAECC2AD9877100A8020B /* Products */;
			projectDirPath = "";
			projectRoot = "";
			targets = (
				4F9AAECA2AD9877100A8020B /* EmojiDictionary */,
			);
		};
/* End PBXProject section */

/* Begin PBXResourcesBuildPhase section */
		4F9AAEC92AD9877100A8020B /* Resources */ = {
			isa = PBXResourcesBuildPhase;
			buildActionMask = 2147483647;
			files = (
				4F9AAEDB2AD9877300A8020B /* LaunchScreen.storyboard in Resources */,
				4F9AAED82AD9877300A8020B /* Assets.xcassets in Resources */,
				4F9AAED62AD9877100A8020B /* Main.storyboard in Resources */,
			);
			runOnlyForDeploymentPostprocessing = 0;
		};
/* End PBXResourcesBuildPhase section */

/* Begin PBXSourcesBuildPhase section */
		4F9AAEC72AD9877100A8020B /* Sources */ = {
			isa = PBXSourcesBuildPhase;
			buildActionMask = 2147483647;
			files = (
				4FF902412ADED3A80068FE46 /* AddEditTableViewController.swift in Sources */,
				4F9AAECF2AD9877100A8020B /* AppDelegate.swift in Sources */,
				4F9AAEE32AD987B300A8020B /* EmojiTableViewController.swift in Sources */,
				4F9AAEE92AD991CD00A8020B /* EmojiTableViewCell.swift in Sources */,
				4F9AAEE52AD987F400A8020B /* Emoji.swift in Sources */,
				4F6D8F052AE6E23000330D4E /* EmojiController.swift in Sources */,
				4F9AAED12AD9877100A8020B /* SceneDelegate.swift in Sources */,
			);
			runOnlyForDeploymentPostprocessing = 0;
		};
/* End PBXSourcesBuildPhase section */

/* Begin PBXVariantGroup section */
		4F9AAED42AD9877100A8020B /* Main.storyboard */ = {
			isa = PBXVariantGroup;
			children = (
				4F9AAED52AD9877100A8020B /* Base */,
			);
			name = Main.storyboard;
			sourceTree = "<group>";
		};
		4F9AAED92AD9877300A8020B /* LaunchScreen.storyboard */ = {
			isa = PBXVariantGroup;
			children = (
				4F9AAEDA2AD9877300A8020B /* Base */,
			);
			name = LaunchScreen.storyboard;
			sourceTree = "<group>";
		};
/* End PBXVariantGroup section */

/* Begin XCBuildConfiguration section */
		4F9AAEDD2AD9877300A8020B /* Debug */ = {
			isa = XCBuildConfiguration;
			buildSettings = {
				ALWAYS_SEARCH_USER_PATHS = NO;
				ASSETCATALOG_COMPILER_GENERATE_SWIFT_ASSET_SYMBOL_EXTENSIONS = YES;
				CLANG_ANALYZER_NONNULL = YES;
				CLANG_ANALYZER_NUMBER_OBJECT_CONVERSION = YES_AGGRESSIVE;
				CLANG_CXX_LANGUAGE_STANDARD = "gnu++20";
				CLANG_ENABLE_MODULES = YES;
				CLANG_ENABLE_OBJC_ARC = YES;
				CLANG_ENABLE_OBJC_WEAK = YES;
				CLANG_WARN_BLOCK_CAPTURE_AUTORELEASING = YES;
				CLANG_WARN_BOOL_CONVERSION = YES;
				CLANG_WARN_COMMA = YES;
				CLANG_WARN_CONSTANT_CONVERSION = YES;
				CLANG_WARN_DEPRECATED_OBJC_IMPLEMENTATIONS = YES;
				CLANG_WARN_DIRECT_OBJC_ISA_USAGE = YES_ERROR;
				CLANG_WARN_DOCUMENTATION_COMMENTS = YES;
				CLANG_WARN_EMPTY_BODY = YES;
				CLANG_WARN_ENUM_CONVERSION = YES;
				CLANG_WARN_INFINITE_RECURSION = YES;
				CLANG_WARN_INT_CONVERSION = YES;
				CLANG_WARN_NON_LITERAL_NULL_CONVERSION = YES;
				CLANG_WARN_OBJC_IMPLICIT_RETAIN_SELF = YES;
				CLANG_WARN_OBJC_LITERAL_CONVERSION = YES;
				CLANG_WARN_OBJC_ROOT_CLASS = YES_ERROR;
				CLANG_WARN_QUOTED_INCLUDE_IN_FRAMEWORK_HEADER = YES;
				CLANG_WARN_RANGE_LOOP_ANALYSIS = YES;
				CLANG_WARN_STRICT_PROTOTYPES = YES;
				CLANG_WARN_SUSPICIOUS_MOVE = YES;
				CLANG_WARN_UNGUARDED_AVAILABILITY = YES_AGGRESSIVE;
				CLANG_WARN_UNREACHABLE_CODE = YES;
				CLANG_WARN__DUPLICATE_METHOD_MATCH = YES;
				COPY_PHASE_STRIP = NO;
				DEBUG_INFORMATION_FORMAT = dwarf;
				ENABLE_STRICT_OBJC_MSGSEND = YES;
				ENABLE_TESTABILITY = YES;
				ENABLE_USER_SCRIPT_SANDBOXING = YES;
				GCC_C_LANGUAGE_STANDARD = gnu17;
				GCC_DYNAMIC_NO_PIC = NO;
				GCC_NO_COMMON_BLOCKS = YES;
				GCC_OPTIMIZATION_LEVEL = 0;
				GCC_PREPROCESSOR_DEFINITIONS = (
					"DEBUG=1",
					"$(inherited)",
				);
				GCC_WARN_64_TO_32_BIT_CONVERSION = YES;
				GCC_WARN_ABOUT_RETURN_TYPE = YES_ERROR;
				GCC_WARN_UNDECLARED_SELECTOR = YES;
				GCC_WARN_UNINITIALIZED_AUTOS = YES_AGGRESSIVE;
				GCC_WARN_UNUSED_FUNCTION = YES;
				GCC_WARN_UNUSED_VARIABLE = YES;
				IPHONEOS_DEPLOYMENT_TARGET = 17.0;
				LOCALIZATION_PREFERS_STRING_CATALOGS = YES;
				MTL_ENABLE_DEBUG_INFO = INCLUDE_SOURCE;
				MTL_FAST_MATH = YES;
				ONLY_ACTIVE_ARCH = YES;
				SDKROOT = iphoneos;
				SWIFT_ACTIVE_COMPILATION_CONDITIONS = "DEBUG $(inherited)";
				SWIFT_OPTIMIZATION_LEVEL = "-Onone";
			};
			name = Debug;
		};
		4F9AAEDE2AD9877300A8020B /* Release */ = {
			isa = XCBuildConfiguration;
			buildSettings = {
				ALWAYS_SEARCH_USER_PATHS = NO;
				ASSETCATALOG_COMPILER_GENERATE_SWIFT_ASSET_SYMBOL_EXTENSIONS = YES;
				CLANG_ANALYZER_NONNULL = YES;
				CLANG_ANALYZER_NUMBER_OBJECT_CONVERSION = YES_AGGRESSIVE;
				CLANG_CXX_LANGUAGE_STANDARD = "gnu++20";
				CLANG_ENABLE_MODULES = YES;
				CLANG_ENABLE_OBJC_ARC = YES;
				CLANG_ENABLE_OBJC_WEAK = YES;
				CLANG_WARN_BLOCK_CAPTURE_AUTORELEASING = YES;
				CLANG_WARN_BOOL_CONVERSION = YES;
				CLANG_WARN_COMMA = YES;
				CLANG_WARN_CONSTANT_CONVERSION = YES;
				CLANG_WARN_DEPRECATED_OBJC_IMPLEMENTATIONS = YES;
				CLANG_WARN_DIRECT_OBJC_ISA_USAGE = YES_ERROR;
				CLANG_WARN_DOCUMENTATION_COMMENTS = YES;
				CLANG_WARN_EMPTY_BODY = YES;
				CLANG_WARN_ENUM_CONVERSION = YES;
				CLANG_WARN_INFINITE_RECURSION = YES;
				CLANG_WARN_INT_CONVERSION = YES;
				CLANG_WARN_NON_LITERAL_NULL_CONVERSION = YES;
				CLANG_WARN_OBJC_IMPLICIT_RETAIN_SELF = YES;
				CLANG_WARN_OBJC_LITERAL_CONVERSION = YES;
				CLANG_WARN_OBJC_ROOT_CLASS = YES_ERROR;
				CLANG_WARN_QUOTED_INCLUDE_IN_FRAMEWORK_HEADER = YES;
				CLANG_WARN_RANGE_LOOP_ANALYSIS = YES;
				CLANG_WARN_STRICT_PROTOTYPES = YES;
				CLANG_WARN_SUSPICIOUS_MOVE = YES;
				CLANG_WARN_UNGUARDED_AVAILABILITY = YES_AGGRESSIVE;
				CLANG_WARN_UNREACHABLE_CODE = YES;
				CLANG_WARN__DUPLICATE_METHOD_MATCH = YES;
				COPY_PHASE_STRIP = NO;
				DEBUG_INFORMATION_FORMAT = "dwarf-with-dsym";
				ENABLE_NS_ASSERTIONS = NO;
				ENABLE_STRICT_OBJC_MSGSEND = YES;
				ENABLE_USER_SCRIPT_SANDBOXING = YES;
				GCC_C_LANGUAGE_STANDARD = gnu17;
				GCC_NO_COMMON_BLOCKS = YES;
				GCC_WARN_64_TO_32_BIT_CONVERSION = YES;
				GCC_WARN_ABOUT_RETURN_TYPE = YES_ERROR;
				GCC_WARN_UNDECLARED_SELECTOR = YES;
				GCC_WARN_UNINITIALIZED_AUTOS = YES_AGGRESSIVE;
				GCC_WARN_UNUSED_FUNCTION = YES;
				GCC_WARN_UNUSED_VARIABLE = YES;
				IPHONEOS_DEPLOYMENT_TARGET = 17.0;
				LOCALIZATION_PREFERS_STRING_CATALOGS = YES;
				MTL_ENABLE_DEBUG_INFO = NO;
				MTL_FAST_MATH = YES;
				SDKROOT = iphoneos;
				SWIFT_COMPILATION_MODE = wholemodule;
				VALIDATE_PRODUCT = YES;
			};
			name = Release;
		};
		4F9AAEE02AD9877300A8020B /* Debug */ = {
			isa = XCBuildConfiguration;
			buildSettings = {
				ASSETCATALOG_COMPILER_APPICON_NAME = AppIcon;
				ASSETCATALOG_COMPILER_GLOBAL_ACCENT_COLOR_NAME = AccentColor;
				CODE_SIGN_STYLE = Automatic;
				CURRENT_PROJECT_VERSION = 1;
				DEVELOPMENT_TEAM = D268656BM6;
				GENERATE_INFOPLIST_FILE = YES;
				INFOPLIST_FILE = EmojiDictionary/Info.plist;
				INFOPLIST_KEY_UIApplicationSupportsIndirectInputEvents = YES;
				INFOPLIST_KEY_UILaunchStoryboardName = LaunchScreen;
				INFOPLIST_KEY_UIMainStoryboardFile = Main;
				INFOPLIST_KEY_UISupportedInterfaceOrientations_iPad = "UIInterfaceOrientationPortrait UIInterfaceOrientationPortraitUpsideDown UIInterfaceOrientationLandscapeLeft UIInterfaceOrientationLandscapeRight";
				INFOPLIST_KEY_UISupportedInterfaceOrientations_iPhone = "UIInterfaceOrientationPortrait UIInterfaceOrientationLandscapeLeft UIInterfaceOrientationLandscapeRight";
				LD_RUNPATH_SEARCH_PATHS = (
					"$(inherited)",
					"@executable_path/Frameworks",
				);
				MARKETING_VERSION = 1.0;
				PRODUCT_BUNDLE_IDENTIFIER = com.dax.gerber.EmojiDictionary;
				PRODUCT_NAME = "$(TARGET_NAME)";
				SWIFT_EMIT_LOC_STRINGS = YES;
				SWIFT_VERSION = 5.0;
				TARGETED_DEVICE_FAMILY = "1,2";
			};
			name = Debug;
		};
		4F9AAEE12AD9877300A8020B /* Release */ = {
			isa = XCBuildConfiguration;
			buildSettings = {
				ASSETCATALOG_COMPILER_APPICON_NAME = AppIcon;
				ASSETCATALOG_COMPILER_GLOBAL_ACCENT_COLOR_NAME = AccentColor;
				CODE_SIGN_STYLE = Automatic;
				CURRENT_PROJECT_VERSION = 1;
				DEVELOPMENT_TEAM = D268656BM6;
				GENERATE_INFOPLIST_FILE = YES;
				INFOPLIST_FILE = EmojiDictionary/Info.plist;
				INFOPLIST_KEY_UIApplicationSupportsIndirectInputEvents = YES;
				INFOPLIST_KEY_UILaunchStoryboardName = LaunchScreen;
				INFOPLIST_KEY_UIMainStoryboardFile = Main;
				INFOPLIST_KEY_UISupportedInterfaceOrientations_iPad = "UIInterfaceOrientationPortrait UIInterfaceOrientationPortraitUpsideDown UIInterfaceOrientationLandscapeLeft UIInterfaceOrientationLandscapeRight";
				INFOPLIST_KEY_UISupportedInterfaceOrientations_iPhone = "UIInterfaceOrientationPortrait UIInterfaceOrientationLandscapeLeft UIInterfaceOrientationLandscapeRight";
				LD_RUNPATH_SEARCH_PATHS = (
					"$(inherited)",
					"@executable_path/Frameworks",
				);
				MARKETING_VERSION = 1.0;
				PRODUCT_BUNDLE_IDENTIFIER = com.dax.gerber.EmojiDictionary;
				PRODUCT_NAME = "$(TARGET_NAME)";
				SWIFT_EMIT_LOC_STRINGS = YES;
				SWIFT_VERSION = 5.0;
				TARGETED_DEVICE_FAMILY = "1,2";
			};
			name = Release;
		};
/* End XCBuildConfiguration section */

/* Begin XCConfigurationList section */
		4F9AAEC62AD9877100A8020B /* Build configuration list for PBXProject "EmojiDictionary" */ = {
			isa = XCConfigurationList;
			buildConfigurations = (
				4F9AAEDD2AD9877300A8020B /* Debug */,
				4F9AAEDE2AD9877300A8020B /* Release */,
			);
			defaultConfigurationIsVisible = 0;
			defaultConfigurationName = Release;
		};
		4F9AAEDF2AD9877300A8020B /* Build configuration list for PBXNativeTarget "EmojiDictionary" */ = {
			isa = XCConfigurationList;
			buildConfigurations = (
				4F9AAEE02AD9877300A8020B /* Debug */,
				4F9AAEE12AD9877300A8020B /* Release */,
			);
			defaultConfigurationIsVisible = 0;
			defaultConfigurationName = Release;
		};
/* End XCConfigurationList section */
	};
	rootObject = 4F9AAEC32AD9877100A8020B /* Project object */;
}
